
Microsoft Visual Studio Solution File, Format Version 12.00
# Visual Studio Version 16
VisualStudioVersion = 16.0.31729.503
MinimumVisualStudioVersion = 10.0.40219.1
Project("{FAE04EC0-301F-11D3-BF4B-00C04F79EFBC}") = "Januszex", "Januszex\Januszex.csproj", "{BDCEF68E-DE83-428D-AA7E-1942BDFB744C}"
EndProject
Global
	GlobalSection(SolutionConfigurationPlatforms) = preSolution
		Debug|Any CPU = Debug|Any CPU
		Release|Any CPU = Release|Any CPU
	EndGlobalSection
	GlobalSection(ProjectConfigurationPlatforms) = postSolution
		{BDCEF68E-DE83-428D-AA7E-1942BDFB744C}.Debug|Any CPU.ActiveCfg = Debug|Any CPU
		{BDCEF68E-DE83-428D-AA7E-1942BDFB744C}.Debug|Any CPU.Build.0 = Debug|Any CPU
		{BDCEF68E-DE83-428D-AA7E-1942BDFB744C}.Release|Any CPU.ActiveCfg = Release|Any CPU
		{BDCEF68E-DE83-428D-AA7E-1942BDFB744C}.Release|Any CPU.Build.0 = Release|Any CPU
	EndGlobalSection
	GlobalSection(SolutionProperties) = preSolution
		HideSolutionNode = FALSE
	EndGlobalSection
	GlobalSection(ExtensibilityGlobals) = postSolution
		SolutionGuid = {57C5D5B9-A42D-4478-94F6-A7E57436AA86}
	EndGlobalSection
EndGlobal
